<Solution>
  <Project Path="1/1.csproj" Id="395ff116-b324-44b6-bacd-c6fe29e6b5d7" />
  <Project Path="2/2.csproj" Id="5b7ccf92-c4c3-4f27-b119-85d9880ee26c" />
  <Project Path="3/3.csproj" Id="1727b966-cd8c-4b8f-8b52-d7368004178c" />
  <Project Path="4/4.csproj" Id="23d71ab7-a247-4228-91d3-d22b7ded8189" />
  <Project Path="5/5.csproj" Id="2129e294-bc76-4b15-839f-3d0bcc810d45" />
  <Project Path="6/6.csproj" Id="d7eba49a-7840-4168-848b-e11a15b24081" />
</Solution>
