<Solution>
  <Project Path="1/1.csproj" Id="395ff116-b324-44b6-bacd-c6fe29e6b5d7" />
  <Project Path="10/10.csproj" Id="787b2dd2-b692-4613-afba-c54d6ef72b63" />
  <Project Path="2/2.csproj" Id="5b7ccf92-c4c3-4f27-b119-85d9880ee26c" />
  <Project Path="3/3.csproj" Id="1727b966-cd8c-4b8f-8b52-d7368004178c" />
  <Project Path="4/4.csproj" Id="23d71ab7-a247-4228-91d3-d22b7ded8189" />
  <Project Path="5/5.csproj" Id="2129e294-bc76-4b15-839f-3d0bcc810d45" />
  <Project Path="6/6.csproj" Id="d7eba49a-7840-4168-848b-e11a15b24081" />
  <Project Path="7/7.csproj" Id="3e847e29-723c-47bf-a62c-c27716b8c7ac" />
  <Project Path="8/8.csproj" Id="1771c7b4-c9bc-4e2e-b144-06362ab28e14" />
  <Project Path="9/9.csproj" Id="99899a4e-426c-4406-8cdc-38b08fc91478" />
</Solution>
