<Solution>
  <Project Path="1/1.csproj" Id="395ff116-b324-44b6-bacd-c6fe29e6b5d7" />
  <Project Path="2/2.csproj" Id="5b7ccf92-c4c3-4f27-b119-85d9880ee26c" />
  <Project Path="3/3.csproj" Id="1727b966-cd8c-4b8f-8b52-d7368004178c" />
  <Project Path="4/4.csproj" Id="23d71ab7-a247-4228-91d3-d22b7ded8189" />
  <Project Path="4_remake/4_remake.csproj" Id="a9d50ab5-3a7a-4b90-911c-b58985aa0745" />
</Solution>
