
Microsoft Visual Studio Solution File, Format Version 12.00
# Visual Studio Version 17
VisualStudioVersion = 17.14.36705.20 d17.14
MinimumVisualStudioVersion = 10.0.40219.1
Project("{FAE04EC0-301F-11D3-BF4B-00C04F79EFBC}") = "ejercicio-1", "ejercicio-1\ejercicio-1.csproj", "{36635CF2-5072-433D-8B0C-4D96D617FF90}"
EndProject
Project("{FAE04EC0-301F-11D3-BF4B-00C04F79EFBC}") = "ejercicio-2", "ejercicio-2\ejercicio-2.csproj", "{73096632-DE0A-472B-B244-93B3829BD54B}"
EndProject
Project("{FAE04EC0-301F-11D3-BF4B-00C04F79EFBC}") = "ejercicio-3", "ejercicio-3\ejercicio-3.csproj", "{E262DDDB-1C17-4F35-8BD0-BC5227874F03}"
EndProject
Project("{FAE04EC0-301F-11D3-BF4B-00C04F79EFBC}") = "ejercicio-4", "ejercicio-4\ejercicio-4.csproj", "{09EAE4BE-231C-4A75-9435-679BE1F0A2E9}"
EndProject
Project("{FAE04EC0-301F-11D3-BF4B-00C04F79EFBC}") = "ejercicio-5", "ejercicio-5\ejercicio-5.csproj", "{7BD2DE5D-D229-4601-A121-ABA7177CA77F}"
EndProject
Project("{FAE04EC0-301F-11D3-BF4B-00C04F79EFBC}") = "ejercicio-6", "ejercicio-6\ejercicio-6.csproj", "{1D12316B-03FA-4509-83D9-6FB86A8C4FF6}"
EndProject
Project("{FAE04EC0-301F-11D3-BF4B-00C04F79EFBC}") = "ejercicio-7", "ejercicio-7\ejercicio-7.csproj", "{8907BD33-2BF5-49D5-894D-57CFBD91F60C}"
EndProject
Project("{FAE04EC0-301F-11D3-BF4B-00C04F79EFBC}") = "ejercicio-8", "ejercicio-8\ejercicio-8.csproj", "{7E4D7409-613C-4F60-9F51-E677D57204A6}"
EndProject
Project("{FAE04EC0-301F-11D3-BF4B-00C04F79EFBC}") = "ejercicio-9", "ejercicio-9\ejercicio-9.csproj", "{A74C08A8-B8DB-4B73-A134-89BD9BDCDABB}"
EndProject
Project("{FAE04EC0-301F-11D3-BF4B-00C04F79EFBC}") = "ejercicio-10", "ejercicio-10\ejercicio-10.csproj", "{7F50C47F-1A74-46DB-BD48-186BD0680378}"
EndProject
Global
	GlobalSection(SolutionConfigurationPlatforms) = preSolution
		Debug|Any CPU = Debug|Any CPU
		Release|Any CPU = Release|Any CPU
	EndGlobalSection
	GlobalSection(ProjectConfigurationPlatforms) = postSolution
		{36635CF2-5072-433D-8B0C-4D96D617FF90}.Debug|Any CPU.ActiveCfg = Debug|Any CPU
		{36635CF2-5072-433D-8B0C-4D96D617FF90}.Debug|Any CPU.Build.0 = Debug|Any CPU
		{36635CF2-5072-433D-8B0C-4D96D617FF90}.Release|Any CPU.ActiveCfg = Release|Any CPU
		{36635CF2-5072-433D-8B0C-4D96D617FF90}.Release|Any CPU.Build.0 = Release|Any CPU
		{73096632-DE0A-472B-B244-93B3829BD54B}.Debug|Any CPU.ActiveCfg = Debug|Any CPU
		{73096632-DE0A-472B-B244-93B3829BD54B}.Debug|Any CPU.Build.0 = Debug|Any CPU
		{73096632-DE0A-472B-B244-93B3829BD54B}.Release|Any CPU.ActiveCfg = Release|Any CPU
		{73096632-DE0A-472B-B244-93B3829BD54B}.Release|Any CPU.Build.0 = Release|Any CPU
		{E262DDDB-1C17-4F35-8BD0-BC5227874F03}.Debug|Any CPU.ActiveCfg = Debug|Any CPU
		{E262DDDB-1C17-4F35-8BD0-BC5227874F03}.Debug|Any CPU.Build.0 = Debug|Any CPU
		{E262DDDB-1C17-4F35-8BD0-BC5227874F03}.Release|Any CPU.ActiveCfg = Release|Any CPU
		{E262DDDB-1C17-4F35-8BD0-BC5227874F03}.Release|Any CPU.Build.0 = Release|Any CPU
		{09EAE4BE-231C-4A75-9435-679BE1F0A2E9}.Debug|Any CPU.ActiveCfg = Debug|Any CPU
		{09EAE4BE-231C-4A75-9435-679BE1F0A2E9}.Debug|Any CPU.Build.0 = Debug|Any CPU
		{09EAE4BE-231C-4A75-9435-679BE1F0A2E9}.Release|Any CPU.ActiveCfg = Release|Any CPU
		{09EAE4BE-231C-4A75-9435-679BE1F0A2E9}.Release|Any CPU.Build.0 = Release|Any CPU
		{7BD2DE5D-D229-4601-A121-ABA7177CA77F}.Debug|Any CPU.ActiveCfg = Debug|Any CPU
		{7BD2DE5D-D229-4601-A121-ABA7177CA77F}.Debug|Any CPU.Build.0 = Debug|Any CPU
		{7BD2DE5D-D229-4601-A121-ABA7177CA77F}.Release|Any CPU.ActiveCfg = Release|Any CPU
		{7BD2DE5D-D229-4601-A121-ABA7177CA77F}.Release|Any CPU.Build.0 = Release|Any CPU
		{1D12316B-03FA-4509-83D9-6FB86A8C4FF6}.Debug|Any CPU.ActiveCfg = Debug|Any CPU
		{1D12316B-03FA-4509-83D9-6FB86A8C4FF6}.Debug|Any CPU.Build.0 = Debug|Any CPU
		{1D12316B-03FA-4509-83D9-6FB86A8C4FF6}.Release|Any CPU.ActiveCfg = Release|Any CPU
		{1D12316B-03FA-4509-83D9-6FB86A8C4FF6}.Release|Any CPU.Build.0 = Release|Any CPU
		{8907BD33-2BF5-49D5-894D-57CFBD91F60C}.Debug|Any CPU.ActiveCfg = Debug|Any CPU
		{8907BD33-2BF5-49D5-894D-57CFBD91F60C}.Debug|Any CPU.Build.0 = Debug|Any CPU
		{8907BD33-2BF5-49D5-894D-57CFBD91F60C}.Release|Any CPU.ActiveCfg = Release|Any CPU
		{8907BD33-2BF5-49D5-894D-57CFBD91F60C}.Release|Any CPU.Build.0 = Release|Any CPU
		{7E4D7409-613C-4F60-9F51-E677D57204A6}.Debug|Any CPU.ActiveCfg = Debug|Any CPU
		{7E4D7409-613C-4F60-9F51-E677D57204A6}.Debug|Any CPU.Build.0 = Debug|Any CPU
		{7E4D7409-613C-4F60-9F51-E677D57204A6}.Release|Any CPU.ActiveCfg = Release|Any CPU
		{7E4D7409-613C-4F60-9F51-E677D57204A6}.Release|Any CPU.Build.0 = Release|Any CPU
		{A74C08A8-B8DB-4B73-A134-89BD9BDCDABB}.Debug|Any CPU.ActiveCfg = Debug|Any CPU
		{A74C08A8-B8DB-4B73-A134-89BD9BDCDABB}.Debug|Any CPU.Build.0 = Debug|Any CPU
		{A74C08A8-B8DB-4B73-A134-89BD9BDCDABB}.Release|Any CPU.ActiveCfg = Release|Any CPU
		{A74C08A8-B8DB-4B73-A134-89BD9BDCDABB}.Release|Any CPU.Build.0 = Release|Any CPU
		{7F50C47F-1A74-46DB-BD48-186BD0680378}.Debug|Any CPU.ActiveCfg = Debug|Any CPU
		{7F50C47F-1A74-46DB-BD48-186BD0680378}.Debug|Any CPU.Build.0 = Debug|Any CPU
		{7F50C47F-1A74-46DB-BD48-186BD0680378}.Release|Any CPU.ActiveCfg = Release|Any CPU
		{7F50C47F-1A74-46DB-BD48-186BD0680378}.Release|Any CPU.Build.0 = Release|Any CPU
	EndGlobalSection
	GlobalSection(SolutionProperties) = preSolution
		HideSolutionNode = FALSE
	EndGlobalSection
	GlobalSection(ExtensibilityGlobals) = postSolution
		SolutionGuid = {8FFCA88E-9CE4-4EC8-849D-031F682C5FB0}
	EndGlobalSection
EndGlobal
